
Microsoft Visual Studio Solution File, Format Version 12.00
# Visual Studio Version 17
VisualStudioVersion = 17.0.31903.59
MinimumVisualStudioVersion = 10.0.40219.1
Project("{2150E333-8FDC-42A3-9474-1A3956D46DE8}") = "Solution Items", "Solution Items", "{FC836A33-A54A-4D2A-AD4F-140827BD2C87}"
	ProjectSection(SolutionItems) = preProject
		.editorconfig = .editorconfig
	EndProjectSection
EndProject
Project("{2150E333-8FDC-42A3-9474-1A3956D46DE8}") = "src", "src", "{5AE72EE1-09C8-4A9C-B2A8-665F9E462CFB}"
EndProject
Project("{9A19103F-16F7-4668-BE54-9A1E7A4F7556}") = "SKIT.FlurlHttpClient.ByteDance.MicroApp", "src\SKIT.FlurlHttpClient.ByteDance.MicroApp\SKIT.FlurlHttpClient.ByteDance.MicroApp.csproj", "{34B28663-B4DF-4357-808F-5D74795D6D5B}"
EndProject
Project("{9A19103F-16F7-4668-BE54-9A1E7A4F7556}") = "SKIT.FlurlHttpClient.ByteDance.DouyinOpen", "src\SKIT.FlurlHttpClient.ByteDance.DouyinOpen\SKIT.FlurlHttpClient.ByteDance.DouyinOpen.csproj", "{5C10E8B7-B96A-4D3E-889E-3D9DD5FE41EB}"
EndProject
Project("{9A19103F-16F7-4668-BE54-9A1E7A4F7556}") = "SKIT.FlurlHttpClient.ByteDance.DouyinShop", "src\SKIT.FlurlHttpClient.ByteDance.DouyinShop\SKIT.FlurlHttpClient.ByteDance.DouyinShop.csproj", "{E2F2ADEC-CD97-4CF9-A835-5F4B76EED1EA}"
EndProject
Project("{9A19103F-16F7-4668-BE54-9A1E7A4F7556}") = "SKIT.FlurlHttpClient.ByteDance.OceanEngine", "src\SKIT.FlurlHttpClient.ByteDance.OceanEngine\SKIT.FlurlHttpClient.ByteDance.OceanEngine.csproj", "{4D787B20-6A83-49DD-9E2C-E343329E79D7}"
EndProject
Project("{9A19103F-16F7-4668-BE54-9A1E7A4F7556}") = "SKIT.FlurlHttpClient.ByteDance.TikTokGlobal", "src\SKIT.FlurlHttpClient.ByteDance.TikTokGlobal\SKIT.FlurlHttpClient.ByteDance.TikTokGlobal.csproj", "{73394D58-B93D-4EFF-9583-89DABA1616E3}"
EndProject
Project("{9A19103F-16F7-4668-BE54-9A1E7A4F7556}") = "SKIT.FlurlHttpClient.ByteDance.TikTokGlobalShop", "src\SKIT.FlurlHttpClient.ByteDance.TikTokGlobalShop\SKIT.FlurlHttpClient.ByteDance.TikTokGlobalShop.csproj", "{BE404755-C92E-4D96-8EC3-C1280D00F370}"
EndProject
Project("{2150E333-8FDC-42A3-9474-1A3956D46DE8}") = "test", "test", "{2430FAD4-4F4F-488A-A9A4-E283538EB124}"
EndProject
Project("{9A19103F-16F7-4668-BE54-9A1E7A4F7556}") = "SKIT.FlurlHttpClient.ByteDance.MicroApp.UnitTests", "test\SKIT.FlurlHttpClient.ByteDance.MicroApp.UnitTests\SKIT.FlurlHttpClient.ByteDance.MicroApp.UnitTests.csproj", "{40A12CB0-DF2D-4FCB-BCEA-C168EAA28B94}"
EndProject
Project("{9A19103F-16F7-4668-BE54-9A1E7A4F7556}") = "SKIT.FlurlHttpClient.ByteDance.DouyinOpen.UnitTests", "test\SKIT.FlurlHttpClient.ByteDance.DouyinOpen.UnitTests\SKIT.FlurlHttpClient.ByteDance.DouyinOpen.UnitTests.csproj", "{E77784CF-52D2-4BF9-A5E3-07A15D8962AC}"
EndProject
Project("{9A19103F-16F7-4668-BE54-9A1E7A4F7556}") = "SKIT.FlurlHttpClient.ByteDance.DouyinShop.UnitTests", "test\SKIT.FlurlHttpClient.ByteDance.DouyinShop.UnitTests\SKIT.FlurlHttpClient.ByteDance.DouyinShop.UnitTests.csproj", "{F08FBA3E-BFE1-4A26-822D-260BC2359CB9}"
EndProject
Project("{9A19103F-16F7-4668-BE54-9A1E7A4F7556}") = "SKIT.FlurlHttpClient.ByteDance.OceanEngine.UnitTests", "test\SKIT.FlurlHttpClient.ByteDance.OceanEngine.UnitTests\SKIT.FlurlHttpClient.ByteDance.OceanEngine.UnitTests.csproj", "{7994F749-0A6B-4C41-93B9-1D777B8E9907}"
EndProject
Project("{9A19103F-16F7-4668-BE54-9A1E7A4F7556}") = "SKIT.FlurlHttpClient.ByteDance.TikTokGlobal.UnitTests", "test\SKIT.FlurlHttpClient.ByteDance.TikTokGlobal.UnitTests\SKIT.FlurlHttpClient.ByteDance.TikTokGlobal.UnitTests.csproj", "{1519C220-EDEA-4C66-934A-4AA7064CFEFB}"
EndProject
Project("{9A19103F-16F7-4668-BE54-9A1E7A4F7556}") = "SKIT.FlurlHttpClient.ByteDance.TikTokGlobalShop.UnitTests", "test\SKIT.FlurlHttpClient.ByteDance.TikTokGlobalShop.UnitTests\SKIT.FlurlHttpClient.ByteDance.TikTokGlobalShop.UnitTests.csproj", "{3F326249-3D2D-4BEB-BE4C-CBE6549B3C36}"
EndProject
Global
	GlobalSection(SolutionConfigurationPlatforms) = preSolution
		Debug|Any CPU = Debug|Any CPU
		Release|Any CPU = Release|Any CPU
	EndGlobalSection
	GlobalSection(ProjectConfigurationPlatforms) = postSolution
		{34B28663-B4DF-4357-808F-5D74795D6D5B}.Debug|Any CPU.ActiveCfg = Debug|Any CPU
		{34B28663-B4DF-4357-808F-5D74795D6D5B}.Debug|Any CPU.Build.0 = Debug|Any CPU
		{34B28663-B4DF-4357-808F-5D74795D6D5B}.Release|Any CPU.ActiveCfg = Release|Any CPU
		{34B28663-B4DF-4357-808F-5D74795D6D5B}.Release|Any CPU.Build.0 = Release|Any CPU
		{5C10E8B7-B96A-4D3E-889E-3D9DD5FE41EB}.Debug|Any CPU.ActiveCfg = Debug|Any CPU
		{5C10E8B7-B96A-4D3E-889E-3D9DD5FE41EB}.Debug|Any CPU.Build.0 = Debug|Any CPU
		{5C10E8B7-B96A-4D3E-889E-3D9DD5FE41EB}.Release|Any CPU.ActiveCfg = Release|Any CPU
		{5C10E8B7-B96A-4D3E-889E-3D9DD5FE41EB}.Release|Any CPU.Build.0 = Release|Any CPU
		{E2F2ADEC-CD97-4CF9-A835-5F4B76EED1EA}.Debug|Any CPU.ActiveCfg = Debug|Any CPU
		{E2F2ADEC-CD97-4CF9-A835-5F4B76EED1EA}.Debug|Any CPU.Build.0 = Debug|Any CPU
		{E2F2ADEC-CD97-4CF9-A835-5F4B76EED1EA}.Release|Any CPU.ActiveCfg = Release|Any CPU
		{E2F2ADEC-CD97-4CF9-A835-5F4B76EED1EA}.Release|Any CPU.Build.0 = Release|Any CPU
		{4D787B20-6A83-49DD-9E2C-E343329E79D7}.Debug|Any CPU.ActiveCfg = Debug|Any CPU
		{4D787B20-6A83-49DD-9E2C-E343329E79D7}.Debug|Any CPU.Build.0 = Debug|Any CPU
		{4D787B20-6A83-49DD-9E2C-E343329E79D7}.Release|Any CPU.ActiveCfg = Release|Any CPU
		{4D787B20-6A83-49DD-9E2C-E343329E79D7}.Release|Any CPU.Build.0 = Release|Any CPU
		{73394D58-B93D-4EFF-9583-89DABA1616E3}.Debug|Any CPU.ActiveCfg = Debug|Any CPU
		{73394D58-B93D-4EFF-9583-89DABA1616E3}.Debug|Any CPU.Build.0 = Debug|Any CPU
		{73394D58-B93D-4EFF-9583-89DABA1616E3}.Release|Any CPU.ActiveCfg = Release|Any CPU
		{73394D58-B93D-4EFF-9583-89DABA1616E3}.Release|Any CPU.Build.0 = Release|Any CPU
		{BE404755-C92E-4D96-8EC3-C1280D00F370}.Debug|Any CPU.ActiveCfg = Debug|Any CPU
		{BE404755-C92E-4D96-8EC3-C1280D00F370}.Debug|Any CPU.Build.0 = Debug|Any CPU
		{BE404755-C92E-4D96-8EC3-C1280D00F370}.Release|Any CPU.ActiveCfg = Release|Any CPU
		{BE404755-C92E-4D96-8EC3-C1280D00F370}.Release|Any CPU.Build.0 = Release|Any CPU
		{40A12CB0-DF2D-4FCB-BCEA-C168EAA28B94}.Debug|Any CPU.ActiveCfg = Debug|Any CPU
		{40A12CB0-DF2D-4FCB-BCEA-C168EAA28B94}.Debug|Any CPU.Build.0 = Debug|Any CPU
		{40A12CB0-DF2D-4FCB-BCEA-C168EAA28B94}.Release|Any CPU.ActiveCfg = Release|Any CPU
		{40A12CB0-DF2D-4FCB-BCEA-C168EAA28B94}.Release|Any CPU.Build.0 = Release|Any CPU
		{E77784CF-52D2-4BF9-A5E3-07A15D8962AC}.Debug|Any CPU.ActiveCfg = Debug|Any CPU
		{E77784CF-52D2-4BF9-A5E3-07A15D8962AC}.Debug|Any CPU.Build.0 = Debug|Any CPU
		{E77784CF-52D2-4BF9-A5E3-07A15D8962AC}.Release|Any CPU.ActiveCfg = Release|Any CPU
		{E77784CF-52D2-4BF9-A5E3-07A15D8962AC}.Release|Any CPU.Build.0 = Release|Any CPU
		{F08FBA3E-BFE1-4A26-822D-260BC2359CB9}.Debug|Any CPU.ActiveCfg = Debug|Any CPU
		{F08FBA3E-BFE1-4A26-822D-260BC2359CB9}.Debug|Any CPU.Build.0 = Debug|Any CPU
		{F08FBA3E-BFE1-4A26-822D-260BC2359CB9}.Release|Any CPU.ActiveCfg = Release|Any CPU
		{F08FBA3E-BFE1-4A26-822D-260BC2359CB9}.Release|Any CPU.Build.0 = Release|Any CPU
		{7994F749-0A6B-4C41-93B9-1D777B8E9907}.Debug|Any CPU.ActiveCfg = Debug|Any CPU
		{7994F749-0A6B-4C41-93B9-1D777B8E9907}.Debug|Any CPU.Build.0 = Debug|Any CPU
		{7994F749-0A6B-4C41-93B9-1D777B8E9907}.Release|Any CPU.ActiveCfg = Release|Any CPU
		{7994F749-0A6B-4C41-93B9-1D777B8E9907}.Release|Any CPU.Build.0 = Release|Any CPU
		{1519C220-EDEA-4C66-934A-4AA7064CFEFB}.Debug|Any CPU.ActiveCfg = Debug|Any CPU
		{1519C220-EDEA-4C66-934A-4AA7064CFEFB}.Debug|Any CPU.Build.0 = Debug|Any CPU
		{1519C220-EDEA-4C66-934A-4AA7064CFEFB}.Release|Any CPU.ActiveCfg = Release|Any CPU
		{1519C220-EDEA-4C66-934A-4AA7064CFEFB}.Release|Any CPU.Build.0 = Release|Any CPU
		{3F326249-3D2D-4BEB-BE4C-CBE6549B3C36}.Debug|Any CPU.ActiveCfg = Debug|Any CPU
		{3F326249-3D2D-4BEB-BE4C-CBE6549B3C36}.Debug|Any CPU.Build.0 = Debug|Any CPU
		{3F326249-3D2D-4BEB-BE4C-CBE6549B3C36}.Release|Any CPU.ActiveCfg = Release|Any CPU
		{3F326249-3D2D-4BEB-BE4C-CBE6549B3C36}.Release|Any CPU.Build.0 = Release|Any CPU
	EndGlobalSection
	GlobalSection(SolutionProperties) = preSolution
		HideSolutionNode = FALSE
	EndGlobalSection
	GlobalSection(NestedProjects) = preSolution
		{34B28663-B4DF-4357-808F-5D74795D6D5B} = {5AE72EE1-09C8-4A9C-B2A8-665F9E462CFB}
		{5C10E8B7-B96A-4D3E-889E-3D9DD5FE41EB} = {5AE72EE1-09C8-4A9C-B2A8-665F9E462CFB}
		{E2F2ADEC-CD97-4CF9-A835-5F4B76EED1EA} = {5AE72EE1-09C8-4A9C-B2A8-665F9E462CFB}
		{4D787B20-6A83-49DD-9E2C-E343329E79D7} = {5AE72EE1-09C8-4A9C-B2A8-665F9E462CFB}
		{73394D58-B93D-4EFF-9583-89DABA1616E3} = {5AE72EE1-09C8-4A9C-B2A8-665F9E462CFB}
		{BE404755-C92E-4D96-8EC3-C1280D00F370} = {5AE72EE1-09C8-4A9C-B2A8-665F9E462CFB}
		{40A12CB0-DF2D-4FCB-BCEA-C168EAA28B94} = {2430FAD4-4F4F-488A-A9A4-E283538EB124}
		{E77784CF-52D2-4BF9-A5E3-07A15D8962AC} = {2430FAD4-4F4F-488A-A9A4-E283538EB124}
		{F08FBA3E-BFE1-4A26-822D-260BC2359CB9} = {2430FAD4-4F4F-488A-A9A4-E283538EB124}
		{7994F749-0A6B-4C41-93B9-1D777B8E9907} = {2430FAD4-4F4F-488A-A9A4-E283538EB124}
		{1519C220-EDEA-4C66-934A-4AA7064CFEFB} = {2430FAD4-4F4F-488A-A9A4-E283538EB124}
		{3F326249-3D2D-4BEB-BE4C-CBE6549B3C36} = {2430FAD4-4F4F-488A-A9A4-E283538EB124}
	EndGlobalSection
	GlobalSection(ExtensibilityGlobals) = postSolution
		SolutionGuid = {7A384D7D-67A1-421D-89EF-3E330BA6AF25}
	EndGlobalSection
EndGlobal
